// !$*UTF8*$!
{
	archiveVersion = 1;
	classes = {
	};
	objectVersion = 56;
	objects = {

/* Begin PBXBuildFile section */
		388BA3C52A4035AD00DE66AC /* AppDelegate.m in Sources */ = {isa = PBXBuildFile; fileRef = 388BA3C42A4035AD00DE66AC /* AppDelegate.m */; };
		388BA3CE2A4035AD00DE66AC /* Main.storyboard in Resources */ = {isa = PBXBuildFile; fileRef = 388BA3CC2A4035AD00DE66AC /* Main.storyboard */; };
		388BA3D02A4035AE00DE66AC /* Assets.xcassets in Resources */ = {isa = PBXBuildFile; fileRef = 388BA3CF2A4035AE00DE66AC /* Assets.xcassets */; };
		388BA3D32A4035AE00DE66AC /* LaunchScreen.storyboard in Resources */ = {isa = PBXBuildFile; fileRef = 388BA3D12A4035AE00DE66AC /* LaunchScreen.storyboard */; };
		388BA3D62A4035AE00DE66AC /* main.m in Sources */ = {isa = PBXBuildFile; fileRef = 388BA3D52A4035AE00DE66AC /* main.m */; };
		388BA3E12A403D9500DE66AC /* MainMenuController.m in Sources */ = {isa = PBXBuildFile; fileRef = 388BA3E02A403D9500DE66AC /* MainMenuController.m */; };
		388BA3E32A403DB000DE66AC /* HistoryController.m in Sources */ = {isa = PBXBuildFile; fileRef = 388BA3E22A403DB000DE66AC /* HistoryController.m */; };
		388BA3E72A403DFC00DE66AC /* SoundController.m in Sources */ = {isa = PBXBuildFile; fileRef = 388BA3E62A403DFC00DE66AC /* SoundController.m */; };
		388BA3EA2A403E2900DE66AC /* SettingsController.m in Sources */ = {isa = PBXBuildFile; fileRef = 388BA3E92A403E2900DE66AC /* SettingsController.m */; };
		388BA3ED2A403E5900DE66AC /* MainMenuView.m in Sources */ = {isa = PBXBuildFile; fileRef = 388BA3EC2A403E5900DE66AC /* MainMenuView.m */; };
		388BA3F02A403E8400DE66AC /* HistoryView.m in Sources */ = {isa = PBXBuildFile; fileRef = 388BA3EF2A403E8400DE66AC /* HistoryView.m */; };
		388BA3F32A403EB500DE66AC /* SoundView.m in Sources */ = {isa = PBXBuildFile; fileRef = 388BA3F22A403EB500DE66AC /* SoundView.m */; };
		388BA3F62A403EE000DE66AC /* SettingsView.m in Sources */ = {isa = PBXBuildFile; fileRef = 388BA3F52A403EE000DE66AC /* SettingsView.m */; };
		388BA3F92A403F0600DE66AC /* AdvancedSettingsView.m in Sources */ = {isa = PBXBuildFile; fileRef = 388BA3F82A403F0600DE66AC /* AdvancedSettingsView.m */; };
		388BA3FC2A403F2F00DE66AC /* MainMenuModel.m in Sources */ = {isa = PBXBuildFile; fileRef = 388BA3FB2A403F2F00DE66AC /* MainMenuModel.m */; };
		388BA3FF2A403F4D00DE66AC /* HistoryModel.m in Sources */ = {isa = PBXBuildFile; fileRef = 388BA3FE2A403F4D00DE66AC /* HistoryModel.m */; };
		388BA4022A403F6F00DE66AC /* SoundModel.m in Sources */ = {isa = PBXBuildFile; fileRef = 388BA4012A403F6F00DE66AC /* SoundModel.m */; };
		388BA4052A403F8B00DE66AC /* SettingsModel.m in Sources */ = {isa = PBXBuildFile; fileRef = 388BA4042A403F8B00DE66AC /* SettingsModel.m */; };
/* End PBXBuildFile section */

/* Begin PBXFileReference section */
		388BA3C02A4035AD00DE66AC /* BatterySense.app */ = {isa = PBXFileReference; explicitFileType = wrapper.application; includeInIndex = 0; path = BatterySense.app; sourceTree = BUILT_PRODUCTS_DIR; };
		388BA3C32A4035AD00DE66AC /* AppDelegate.h */ = {isa = PBXFileReference; lastKnownFileType = sourcecode.c.h; path = AppDelegate.h; sourceTree = "<group>"; };
		388BA3C42A4035AD00DE66AC /* AppDelegate.m */ = {isa = PBXFileReference; lastKnownFileType = sourcecode.c.objc; path = AppDelegate.m; sourceTree = "<group>"; };
		388BA3CD2A4035AD00DE66AC /* Base */ = {isa = PBXFileReference; lastKnownFileType = file.storyboard; name = Base; path = Base.lproj/Main.storyboard; sourceTree = "<group>"; };
		388BA3CF2A4035AE00DE66AC /* Assets.xcassets */ = {isa = PBXFileReference; lastKnownFileType = folder.assetcatalog; path = Assets.xcassets; sourceTree = "<group>"; };
		388BA3D22A4035AE00DE66AC /* Base */ = {isa = PBXFileReference; lastKnownFileType = file.storyboard; name = Base; path = Base.lproj/LaunchScreen.storyboard; sourceTree = "<group>"; };
		388BA3D42A4035AE00DE66AC /* Info.plist */ = {isa = PBXFileReference; lastKnownFileType = text.plist.xml; path = Info.plist; sourceTree = "<group>"; };
		388BA3D52A4035AE00DE66AC /* main.m */ = {isa = PBXFileReference; lastKnownFileType = sourcecode.c.objc; path = main.m; sourceTree = "<group>"; };
		388BA3DF2A403D7200DE66AC /* MainMenuController.h */ = {isa = PBXFileReference; lastKnownFileType = sourcecode.c.h; path = MainMenuController.h; sourceTree = "<group>"; };
		388BA3E02A403D9500DE66AC /* MainMenuController.m */ = {isa = PBXFileReference; lastKnownFileType = sourcecode.c.objc; path = MainMenuController.m; sourceTree = "<group>"; };
		388BA3E22A403DB000DE66AC /* HistoryController.m */ = {isa = PBXFileReference; lastKnownFileType = sourcecode.c.objc; path = HistoryController.m; sourceTree = "<group>"; };
		388BA3E42A403DC600DE66AC /* HistoryController.h */ = {isa = PBXFileReference; lastKnownFileType = sourcecode.c.h; path = HistoryController.h; sourceTree = "<group>"; };
		388BA3E52A403DE500DE66AC /* SoundController.h */ = {isa = PBXFileReference; lastKnownFileType = sourcecode.c.h; path = SoundController.h; sourceTree = "<group>"; };
		388BA3E62A403DFC00DE66AC /* SoundController.m */ = {isa = PBXFileReference; lastKnownFileType = sourcecode.c.objc; path = SoundController.m; sourceTree = "<group>"; };
		388BA3E82A403E1500DE66AC /* SettingsController.h */ = {isa = PBXFileReference; lastKnownFileType = sourcecode.c.h; path = SettingsController.h; sourceTree = "<group>"; };
		388BA3E92A403E2900DE66AC /* SettingsController.m */ = {isa = PBXFileReference; lastKnownFileType = sourcecode.c.objc; path = SettingsController.m; sourceTree = "<group>"; };
		388BA3EB2A403E4800DE66AC /* MainMenuView.h */ = {isa = PBXFileReference; lastKnownFileType = sourcecode.c.h; path = MainMenuView.h; sourceTree = "<group>"; };
		388BA3EC2A403E5900DE66AC /* MainMenuView.m */ = {isa = PBXFileReference; lastKnownFileType = sourcecode.c.objc; path = MainMenuView.m; sourceTree = "<group>"; };
		388BA3EE2A403E7100DE66AC /* HistoryView.h */ = {isa = PBXFileReference; lastKnownFileType = sourcecode.c.h; path = HistoryView.h; sourceTree = "<group>"; };
		388BA3EF2A403E8400DE66AC /* HistoryView.m */ = {isa = PBXFileReference; lastKnownFileType = sourcecode.c.objc; path = HistoryView.m; sourceTree = "<group>"; };
		388BA3F12A403EA000DE66AC /* SoundView.h */ = {isa = PBXFileReference; lastKnownFileType = sourcecode.c.h; path = SoundView.h; sourceTree = "<group>"; };
		388BA3F22A403EB500DE66AC /* SoundView.m */ = {isa = PBXFileReference; lastKnownFileType = sourcecode.c.objc; path = SoundView.m; sourceTree = "<group>"; };
		388BA3F42A403EC600DE66AC /* SettingsView.h */ = {isa = PBXFileReference; lastKnownFileType = sourcecode.c.h; path = SettingsView.h; sourceTree = "<group>"; };
		388BA3F52A403EE000DE66AC /* SettingsView.m */ = {isa = PBXFileReference; lastKnownFileType = sourcecode.c.objc; path = SettingsView.m; sourceTree = "<group>"; };
		388BA3F72A403EF300DE66AC /* AdvancedSettingsView.h */ = {isa = PBXFileReference; lastKnownFileType = sourcecode.c.h; path = AdvancedSettingsView.h; sourceTree = "<group>"; };
		388BA3F82A403F0600DE66AC /* AdvancedSettingsView.m */ = {isa = PBXFileReference; lastKnownFileType = sourcecode.c.objc; path = AdvancedSettingsView.m; sourceTree = "<group>"; };
		388BA3FA2A403F1E00DE66AC /* MainMenuModel.h */ = {isa = PBXFileReference; lastKnownFileType = sourcecode.c.h; path = MainMenuModel.h; sourceTree = "<group>"; };
		388BA3FB2A403F2F00DE66AC /* MainMenuModel.m */ = {isa = PBXFileReference; lastKnownFileType = sourcecode.c.objc; path = MainMenuModel.m; sourceTree = "<group>"; };
		388BA3FD2A403F3E00DE66AC /* HistoryModel.h */ = {isa = PBXFileReference; lastKnownFileType = sourcecode.c.h; path = HistoryModel.h; sourceTree = "<group>"; };
		388BA3FE2A403F4D00DE66AC /* HistoryModel.m */ = {isa = PBXFileReference; lastKnownFileType = sourcecode.c.objc; path = HistoryModel.m; sourceTree = "<group>"; };
		388BA4002A403F6000DE66AC /* SoundModel.h */ = {isa = PBXFileReference; lastKnownFileType = sourcecode.c.h; path = SoundModel.h; sourceTree = "<group>"; };
		388BA4012A403F6F00DE66AC /* SoundModel.m */ = {isa = PBXFileReference; lastKnownFileType = sourcecode.c.objc; path = SoundModel.m; sourceTree = "<group>"; };
		388BA4032A403F7B00DE66AC /* SettingsModel.h */ = {isa = PBXFileReference; lastKnownFileType = sourcecode.c.h; path = SettingsModel.h; sourceTree = "<group>"; };
		388BA4042A403F8B00DE66AC /* SettingsModel.m */ = {isa = PBXFileReference; lastKnownFileType = sourcecode.c.objc; path = SettingsModel.m; sourceTree = "<group>"; };
/* End PBXFileReference section */

/* Begin PBXFrameworksBuildPhase section */
		388BA3BD2A4035AD00DE66AC /* Frameworks */ = {
			isa = PBXFrameworksBuildPhase;
			buildActionMask = 2147483647;
			files = (
			);
			runOnlyForDeploymentPostprocessing = 0;
		};
/* End PBXFrameworksBuildPhase section */

/* Begin PBXGroup section */
		388BA3B72A4035AD00DE66AC = {
			isa = PBXGroup;
			children = (
				388BA3C22A4035AD00DE66AC /* BatterySense */,
				388BA3C12A4035AD00DE66AC /* Products */,
			);
			sourceTree = "<group>";
		};
		388BA3C12A4035AD00DE66AC /* Products */ = {
			isa = PBXGroup;
			children = (
				388BA3C02A4035AD00DE66AC /* BatterySense.app */,
			);
			name = Products;
			sourceTree = "<group>";
		};
		388BA3C22A4035AD00DE66AC /* BatterySense */ = {
			isa = PBXGroup;
			children = (
				388BA3C32A4035AD00DE66AC /* AppDelegate.h */,
				388BA3C42A4035AD00DE66AC /* AppDelegate.m */,
				388BA3DE2A403CF200DE66AC /* Models */,
				388BA3DD2A403CDC00DE66AC /* Views */,
				388BA3DC2A403CC200DE66AC /* Controllers */,
				388BA3CC2A4035AD00DE66AC /* Main.storyboard */,
				388BA3D12A4035AE00DE66AC /* LaunchScreen.storyboard */,
				388BA3CF2A4035AE00DE66AC /* Assets.xcassets */,
				388BA3D42A4035AE00DE66AC /* Info.plist */,
				388BA3D52A4035AE00DE66AC /* main.m */,
			);
			path = BatterySense;
			sourceTree = "<group>";
		};
		388BA3DC2A403CC200DE66AC /* Controllers */ = {
			isa = PBXGroup;
			children = (
				388BA3DF2A403D7200DE66AC /* MainMenuController.h */,
				388BA3E02A403D9500DE66AC /* MainMenuController.m */,
				388BA3E42A403DC600DE66AC /* HistoryController.h */,
				388BA3E22A403DB000DE66AC /* HistoryController.m */,
				388BA3E52A403DE500DE66AC /* SoundController.h */,
				388BA3E62A403DFC00DE66AC /* SoundController.m */,
				388BA3E82A403E1500DE66AC /* SettingsController.h */,
				388BA3E92A403E2900DE66AC /* SettingsController.m */,
			);
			path = Controllers;
			sourceTree = "<group>";
		};
		388BA3DD2A403CDC00DE66AC /* Views */ = {
			isa = PBXGroup;
			children = (
				388BA3EB2A403E4800DE66AC /* MainMenuView.h */,
				388BA3EC2A403E5900DE66AC /* MainMenuView.m */,
				388BA3EE2A403E7100DE66AC /* HistoryView.h */,
				388BA3EF2A403E8400DE66AC /* HistoryView.m */,
				388BA3F12A403EA000DE66AC /* SoundView.h */,
				388BA3F22A403EB500DE66AC /* SoundView.m */,
				388BA3F42A403EC600DE66AC /* SettingsView.h */,
				388BA3F52A403EE000DE66AC /* SettingsView.m */,
				388BA3F72A403EF300DE66AC /* AdvancedSettingsView.h */,
				388BA3F82A403F0600DE66AC /* AdvancedSettingsView.m */,
			);
			path = Views;
			sourceTree = "<group>";
		};
		388BA3DE2A403CF200DE66AC /* Models */ = {
			isa = PBXGroup;
			children = (
				388BA3FA2A403F1E00DE66AC /* MainMenuModel.h */,
				388BA3FB2A403F2F00DE66AC /* MainMenuModel.m */,
				388BA3FD2A403F3E00DE66AC /* HistoryModel.h */,
				388BA3FE2A403F4D00DE66AC /* HistoryModel.m */,
				388BA4002A403F6000DE66AC /* SoundModel.h */,
				388BA4012A403F6F00DE66AC /* SoundModel.m */,
				388BA4032A403F7B00DE66AC /* SettingsModel.h */,
				388BA4042A403F8B00DE66AC /* SettingsModel.m */,
			);
			path = Models;
			sourceTree = "<group>";
		};
/* End PBXGroup section */

/* Begin PBXNativeTarget section */
		388BA3BF2A4035AD00DE66AC /* BatterySense */ = {
			isa = PBXNativeTarget;
			buildConfigurationList = 388BA3D92A4035AE00DE66AC /* Build configuration list for PBXNativeTarget "BatterySense" */;
			buildPhases = (
				388BA3BC2A4035AD00DE66AC /* Sources */,
				388BA3BD2A4035AD00DE66AC /* Frameworks */,
				388BA3BE2A4035AD00DE66AC /* Resources */,
			);
			buildRules = (
			);
			dependencies = (
			);
			name = BatterySense;
			productName = BatterySense;
			productReference = 388BA3C02A4035AD00DE66AC /* BatterySense.app */;
			productType = "com.apple.product-type.application";
		};
/* End PBXNativeTarget section */

/* Begin PBXProject section */
		388BA3B82A4035AD00DE66AC /* Project object */ = {
			isa = PBXProject;
			attributes = {
				BuildIndependentTargetsInParallel = 1;
				LastUpgradeCheck = 1430;
				TargetAttributes = {
					388BA3BF2A4035AD00DE66AC = {
						CreatedOnToolsVersion = 14.3;
					};
				};
			};
			buildConfigurationList = 388BA3BB2A4035AD00DE66AC /* Build configuration list for PBXProject "BatterySense" */;
			compatibilityVersion = "Xcode 14.0";
			developmentRegion = en;
			hasScannedForEncodings = 0;
			knownRegions = (
				en,
				Base,
			);
			mainGroup = 388BA3B72A4035AD00DE66AC;
			productRefGroup = 388BA3C12A4035AD00DE66AC /* Products */;
			projectDirPath = "";
			projectRoot = "";
			targets = (
				388BA3BF2A4035AD00DE66AC /* BatterySense */,
			);
		};
/* End PBXProject section */

/* Begin PBXResourcesBuildPhase section */
		388BA3BE2A4035AD00DE66AC /* Resources */ = {
			isa = PBXResourcesBuildPhase;
			buildActionMask = 2147483647;
			files = (
				388BA3D32A4035AE00DE66AC /* LaunchScreen.storyboard in Resources */,
				388BA3D02A4035AE00DE66AC /* Assets.xcassets in Resources */,
				388BA3CE2A4035AD00DE66AC /* Main.storyboard in Resources */,
			);
			runOnlyForDeploymentPostprocessing = 0;
		};
/* End PBXResourcesBuildPhase section */

/* Begin PBXSourcesBuildPhase section */
		388BA3BC2A4035AD00DE66AC /* Sources */ = {
			isa = PBXSourcesBuildPhase;
			buildActionMask = 2147483647;
			files = (
				388BA3E32A403DB000DE66AC /* HistoryController.m in Sources */,
				388BA3F62A403EE000DE66AC /* SettingsView.m in Sources */,
				388BA3F92A403F0600DE66AC /* AdvancedSettingsView.m in Sources */,
				388BA3F32A403EB500DE66AC /* SoundView.m in Sources */,
				388BA4022A403F6F00DE66AC /* SoundModel.m in Sources */,
				388BA3FC2A403F2F00DE66AC /* MainMenuModel.m in Sources */,
				388BA3EA2A403E2900DE66AC /* SettingsController.m in Sources */,
				388BA3E12A403D9500DE66AC /* MainMenuController.m in Sources */,
				388BA3FF2A403F4D00DE66AC /* HistoryModel.m in Sources */,
				388BA3C52A4035AD00DE66AC /* AppDelegate.m in Sources */,
				388BA3D62A4035AE00DE66AC /* main.m in Sources */,
				388BA4052A403F8B00DE66AC /* SettingsModel.m in Sources */,
				388BA3F02A403E8400DE66AC /* HistoryView.m in Sources */,
				388BA3ED2A403E5900DE66AC /* MainMenuView.m in Sources */,
				388BA3E72A403DFC00DE66AC /* SoundController.m in Sources */,
			);
			runOnlyForDeploymentPostprocessing = 0;
		};
/* End PBXSourcesBuildPhase section */

/* Begin PBXVariantGroup section */
		388BA3CC2A4035AD00DE66AC /* Main.storyboard */ = {
			isa = PBXVariantGroup;
			children = (
				388BA3CD2A4035AD00DE66AC /* Base */,
			);
			name = Main.storyboard;
			sourceTree = "<group>";
		};
		388BA3D12A4035AE00DE66AC /* LaunchScreen.storyboard */ = {
			isa = PBXVariantGroup;
			children = (
				388BA3D22A4035AE00DE66AC /* Base */,
			);
			name = LaunchScreen.storyboard;
			sourceTree = "<group>";
		};
/* End PBXVariantGroup section */

/* Begin XCBuildConfiguration section */
		388BA3D72A4035AE00DE66AC /* Debug */ = {
			isa = XCBuildConfiguration;
			buildSettings = {
				ALWAYS_SEARCH_USER_PATHS = NO;
				CLANG_ANALYZER_NONNULL = YES;
				CLANG_ANALYZER_NUMBER_OBJECT_CONVERSION = YES_AGGRESSIVE;
				CLANG_CXX_LANGUAGE_STANDARD = "gnu++20";
				CLANG_ENABLE_MODULES = YES;
				CLANG_ENABLE_OBJC_ARC = YES;
				CLANG_ENABLE_OBJC_WEAK = YES;
				CLANG_WARN_BLOCK_CAPTURE_AUTORELEASING = YES;
				CLANG_WARN_BOOL_CONVERSION = YES;
				CLANG_WARN_COMMA = YES;
				CLANG_WARN_CONSTANT_CONVERSION = YES;
				CLANG_WARN_DEPRECATED_OBJC_IMPLEMENTATIONS = YES;
				CLANG_WARN_DIRECT_OBJC_ISA_USAGE = YES_ERROR;
				CLANG_WARN_DOCUMENTATION_COMMENTS = YES;
				CLANG_WARN_EMPTY_BODY = YES;
				CLANG_WARN_ENUM_CONVERSION = YES;
				CLANG_WARN_INFINITE_RECURSION = YES;
				CLANG_WARN_INT_CONVERSION = YES;
				CLANG_WARN_NON_LITERAL_NULL_CONVERSION = YES;
				CLANG_WARN_OBJC_IMPLICIT_RETAIN_SELF = YES;
				CLANG_WARN_OBJC_LITERAL_CONVERSION = YES;
				CLANG_WARN_OBJC_ROOT_CLASS = YES_ERROR;
				CLANG_WARN_QUOTED_INCLUDE_IN_FRAMEWORK_HEADER = YES;
				CLANG_WARN_RANGE_LOOP_ANALYSIS = YES;
				CLANG_WARN_STRICT_PROTOTYPES = YES;
				CLANG_WARN_SUSPICIOUS_MOVE = YES;
				CLANG_WARN_UNGUARDED_AVAILABILITY = YES_AGGRESSIVE;
				CLANG_WARN_UNREACHABLE_CODE = YES;
				CLANG_WARN__DUPLICATE_METHOD_MATCH = YES;
				COPY_PHASE_STRIP = NO;
				DEBUG_INFORMATION_FORMAT = dwarf;
				ENABLE_STRICT_OBJC_MSGSEND = YES;
				ENABLE_TESTABILITY = YES;
				GCC_C_LANGUAGE_STANDARD = gnu11;
				GCC_DYNAMIC_NO_PIC = NO;
				GCC_NO_COMMON_BLOCKS = YES;
				GCC_OPTIMIZATION_LEVEL = 0;
				GCC_PREPROCESSOR_DEFINITIONS = (
					"DEBUG=1",
					"$(inherited)",
				);
				GCC_WARN_64_TO_32_BIT_CONVERSION = YES;
				GCC_WARN_ABOUT_RETURN_TYPE = YES_ERROR;
				GCC_WARN_UNDECLARED_SELECTOR = YES;
				GCC_WARN_UNINITIALIZED_AUTOS = YES_AGGRESSIVE;
				GCC_WARN_UNUSED_FUNCTION = YES;
				GCC_WARN_UNUSED_VARIABLE = YES;
				IPHONEOS_DEPLOYMENT_TARGET = 16.4;
				MTL_ENABLE_DEBUG_INFO = INCLUDE_SOURCE;
				MTL_FAST_MATH = YES;
				ONLY_ACTIVE_ARCH = YES;
				SDKROOT = iphoneos;
			};
			name = Debug;
		};
		388BA3D82A4035AE00DE66AC /* Release */ = {
			isa = XCBuildConfiguration;
			buildSettings = {
				ALWAYS_SEARCH_USER_PATHS = NO;
				CLANG_ANALYZER_NONNULL = YES;
				CLANG_ANALYZER_NUMBER_OBJECT_CONVERSION = YES_AGGRESSIVE;
				CLANG_CXX_LANGUAGE_STANDARD = "gnu++20";
				CLANG_ENABLE_MODULES = YES;
				CLANG_ENABLE_OBJC_ARC = YES;
				CLANG_ENABLE_OBJC_WEAK = YES;
				CLANG_WARN_BLOCK_CAPTURE_AUTORELEASING = YES;
				CLANG_WARN_BOOL_CONVERSION = YES;
				CLANG_WARN_COMMA = YES;
				CLANG_WARN_CONSTANT_CONVERSION = YES;
				CLANG_WARN_DEPRECATED_OBJC_IMPLEMENTATIONS = YES;
				CLANG_WARN_DIRECT_OBJC_ISA_USAGE = YES_ERROR;
				CLANG_WARN_DOCUMENTATION_COMMENTS = YES;
				CLANG_WARN_EMPTY_BODY = YES;
				CLANG_WARN_ENUM_CONVERSION = YES;
				CLANG_WARN_INFINITE_RECURSION = YES;
				CLANG_WARN_INT_CONVERSION = YES;
				CLANG_WARN_NON_LITERAL_NULL_CONVERSION = YES;
				CLANG_WARN_OBJC_IMPLICIT_RETAIN_SELF = YES;
				CLANG_WARN_OBJC_LITERAL_CONVERSION = YES;
				CLANG_WARN_OBJC_ROOT_CLASS = YES_ERROR;
				CLANG_WARN_QUOTED_INCLUDE_IN_FRAMEWORK_HEADER = YES;
				CLANG_WARN_RANGE_LOOP_ANALYSIS = YES;
				CLANG_WARN_STRICT_PROTOTYPES = YES;
				CLANG_WARN_SUSPICIOUS_MOVE = YES;
				CLANG_WARN_UNGUARDED_AVAILABILITY = YES_AGGRESSIVE;
				CLANG_WARN_UNREACHABLE_CODE = YES;
				CLANG_WARN__DUPLICATE_METHOD_MATCH = YES;
				COPY_PHASE_STRIP = NO;
				DEBUG_INFORMATION_FORMAT = "dwarf-with-dsym";
				ENABLE_NS_ASSERTIONS = NO;
				ENABLE_STRICT_OBJC_MSGSEND = YES;
				GCC_C_LANGUAGE_STANDARD = gnu11;
				GCC_NO_COMMON_BLOCKS = YES;
				GCC_WARN_64_TO_32_BIT_CONVERSION = YES;
				GCC_WARN_ABOUT_RETURN_TYPE = YES_ERROR;
				GCC_WARN_UNDECLARED_SELECTOR = YES;
				GCC_WARN_UNINITIALIZED_AUTOS = YES_AGGRESSIVE;
				GCC_WARN_UNUSED_FUNCTION = YES;
				GCC_WARN_UNUSED_VARIABLE = YES;
				IPHONEOS_DEPLOYMENT_TARGET = 16.4;
				MTL_ENABLE_DEBUG_INFO = NO;
				MTL_FAST_MATH = YES;
				SDKROOT = iphoneos;
				VALIDATE_PRODUCT = YES;
			};
			name = Release;
		};
		388BA3DA2A4035AE00DE66AC /* Debug */ = {
			isa = XCBuildConfiguration;
			buildSettings = {
				ASSETCATALOG_COMPILER_APPICON_NAME = AppIcon;
				ASSETCATALOG_COMPILER_GLOBAL_ACCENT_COLOR_NAME = AccentColor;
				CODE_SIGN_STYLE = Automatic;
				CURRENT_PROJECT_VERSION = 1;
				DEVELOPMENT_TEAM = 9P86R4M9F6;
				GENERATE_INFOPLIST_FILE = YES;
				INFOPLIST_FILE = BatterySense/Info.plist;
				INFOPLIST_KEY_UIApplicationSupportsIndirectInputEvents = YES;
				INFOPLIST_KEY_UILaunchStoryboardName = LaunchScreen;
				INFOPLIST_KEY_UIMainStoryboardFile = Main;
				INFOPLIST_KEY_UISupportedInterfaceOrientations_iPad = "UIInterfaceOrientationPortrait UIInterfaceOrientationPortraitUpsideDown UIInterfaceOrientationLandscapeLeft UIInterfaceOrientationLandscapeRight";
				INFOPLIST_KEY_UISupportedInterfaceOrientations_iPhone = "UIInterfaceOrientationPortrait UIInterfaceOrientationLandscapeLeft UIInterfaceOrientationLandscapeRight";
				IPHONEOS_DEPLOYMENT_TARGET = 11.0;
				LD_RUNPATH_SEARCH_PATHS = (
					"$(inherited)",
					"@executable_path/Frameworks",
				);
				MARKETING_VERSION = 1.0;
				PRODUCT_BUNDLE_IDENTIFIER = space.etonealbert.BatterySense;
				PRODUCT_NAME = "$(TARGET_NAME)";
				SWIFT_EMIT_LOC_STRINGS = YES;
				TARGETED_DEVICE_FAMILY = "1,2";
			};
			name = Debug;
		};
		388BA3DB2A4035AE00DE66AC /* Release */ = {
			isa = XCBuildConfiguration;
			buildSettings = {
				ASSETCATALOG_COMPILER_APPICON_NAME = AppIcon;
				ASSETCATALOG_COMPILER_GLOBAL_ACCENT_COLOR_NAME = AccentColor;
				CODE_SIGN_STYLE = Automatic;
				CURRENT_PROJECT_VERSION = 1;
				DEVELOPMENT_TEAM = 9P86R4M9F6;
				GENERATE_INFOPLIST_FILE = YES;
				INFOPLIST_FILE = BatterySense/Info.plist;
				INFOPLIST_KEY_UIApplicationSupportsIndirectInputEvents = YES;
				INFOPLIST_KEY_UILaunchStoryboardName = LaunchScreen;
				INFOPLIST_KEY_UIMainStoryboardFile = Main;
				INFOPLIST_KEY_UISupportedInterfaceOrientations_iPad = "UIInterfaceOrientationPortrait UIInterfaceOrientationPortraitUpsideDown UIInterfaceOrientationLandscapeLeft UIInterfaceOrientationLandscapeRight";
				INFOPLIST_KEY_UISupportedInterfaceOrientations_iPhone = "UIInterfaceOrientationPortrait UIInterfaceOrientationLandscapeLeft UIInterfaceOrientationLandscapeRight";
				IPHONEOS_DEPLOYMENT_TARGET = 11.0;
				LD_RUNPATH_SEARCH_PATHS = (
					"$(inherited)",
					"@executable_path/Frameworks",
				);
				MARKETING_VERSION = 1.0;
				PRODUCT_BUNDLE_IDENTIFIER = space.etonealbert.BatterySense;
				PRODUCT_NAME = "$(TARGET_NAME)";
				SWIFT_EMIT_LOC_STRINGS = YES;
				TARGETED_DEVICE_FAMILY = "1,2";
			};
			name = Release;
		};
/* End XCBuildConfiguration section */

/* Begin XCConfigurationList section */
		388BA3BB2A4035AD00DE66AC /* Build configuration list for PBXProject "BatterySense" */ = {
			isa = XCConfigurationList;
			buildConfigurations = (
				388BA3D72A4035AE00DE66AC /* Debug */,
				388BA3D82A4035AE00DE66AC /* Release */,
			);
			defaultConfigurationIsVisible = 0;
			defaultConfigurationName = Release;
		};
		388BA3D92A4035AE00DE66AC /* Build configuration list for PBXNativeTarget "BatterySense" */ = {
			isa = XCConfigurationList;
			buildConfigurations = (
				388BA3DA2A4035AE00DE66AC /* Debug */,
				388BA3DB2A4035AE00DE66AC /* Release */,
			);
			defaultConfigurationIsVisible = 0;
			defaultConfigurationName = Release;
		};
/* End XCConfigurationList section */
	};
	rootObject = 388BA3B82A4035AD00DE66AC /* Project object */;
}
